// !$*UTF8*$!
{
	archiveVersion = 1;
	classes = {
	};
	objectVersion = 55;
	objects = {

/* Begin PBXBuildFile section */
		0FC8BD5D220BAD7BC528DDE2 /* Pods_WeatherApp.framework in Frameworks */ = {isa = PBXBuildFile; fileRef = 261C71D8395737F27FB5C95E /* Pods_WeatherApp.framework */; };
		EF71542928966CE1000CAC3E /* MainScreenHeaderView.swift in Sources */ = {isa = PBXBuildFile; fileRef = EF71542828966CE1000CAC3E /* MainScreenHeaderView.swift */; };
		EF71542B28966D03000CAC3E /* WeatherHorizontalCell.swift in Sources */ = {isa = PBXBuildFile; fileRef = EF71542A28966D03000CAC3E /* WeatherHorizontalCell.swift */; };
		EF71542D28966D2C000CAC3E /* WeatherVerticalCell.swift in Sources */ = {isa = PBXBuildFile; fileRef = EF71542C28966D2C000CAC3E /* WeatherVerticalCell.swift */; };
		EF71542F28969C86000CAC3E /* WeatherTableHeader.swift in Sources */ = {isa = PBXBuildFile; fileRef = EF71542E28969C86000CAC3E /* WeatherTableHeader.swift */; };
		EFEAA57B28919D6A005D91DD /* AppDelegate.swift in Sources */ = {isa = PBXBuildFile; fileRef = EFEAA57A28919D6A005D91DD /* AppDelegate.swift */; };
		EFEAA57D28919D6A005D91DD /* SceneDelegate.swift in Sources */ = {isa = PBXBuildFile; fileRef = EFEAA57C28919D6A005D91DD /* SceneDelegate.swift */; };
		EFEAA57F28919D6A005D91DD /* ViewController.swift in Sources */ = {isa = PBXBuildFile; fileRef = EFEAA57E28919D6A005D91DD /* ViewController.swift */; };
		EFEAA58428919D6C005D91DD /* Assets.xcassets in Resources */ = {isa = PBXBuildFile; fileRef = EFEAA58328919D6C005D91DD /* Assets.xcassets */; };
		EFEAA58728919D6C005D91DD /* LaunchScreen.storyboard in Resources */ = {isa = PBXBuildFile; fileRef = EFEAA58528919D6C005D91DD /* LaunchScreen.storyboard */; };
		EFEAA5952891A04F005D91DD /* OnboardingView.swift in Sources */ = {isa = PBXBuildFile; fileRef = EFEAA5942891A04F005D91DD /* OnboardingView.swift */; };
		EFEAA5972891A090005D91DD /* Autolayout.swift in Sources */ = {isa = PBXBuildFile; fileRef = EFEAA5962891A090005D91DD /* Autolayout.swift */; };
		EFEAA5992891A17F005D91DD /* CustomColors.swift in Sources */ = {isa = PBXBuildFile; fileRef = EFEAA5982891A17F005D91DD /* CustomColors.swift */; };
		EFEAA59B2891A769005D91DD /* CustomLabel.swift in Sources */ = {isa = PBXBuildFile; fileRef = EFEAA59A2891A769005D91DD /* CustomLabel.swift */; };
		EFEAA59D2891A866005D91DD /* OnboardingText.swift in Sources */ = {isa = PBXBuildFile; fileRef = EFEAA59C2891A866005D91DD /* OnboardingText.swift */; };
		EFEAA59F2891AA0F005D91DD /* CustomButton.swift in Sources */ = {isa = PBXBuildFile; fileRef = EFEAA59E2891AA0F005D91DD /* CustomButton.swift */; };
		EFEAA5A12891B15A005D91DD /* SettingsView.swift in Sources */ = {isa = PBXBuildFile; fileRef = EFEAA5A02891B15A005D91DD /* SettingsView.swift */; };
		EFEAA5A32891B2B6005D91DD /* CustomSegmentedLabel.swift in Sources */ = {isa = PBXBuildFile; fileRef = EFEAA5A22891B2B6005D91DD /* CustomSegmentedLabel.swift */; };
		EFEAA5A52891B321005D91DD /* CustomSegmented.swift in Sources */ = {isa = PBXBuildFile; fileRef = EFEAA5A42891B321005D91DD /* CustomSegmented.swift */; };
		EFEAA5A728929D97005D91DD /* MainScreenView.swift in Sources */ = {isa = PBXBuildFile; fileRef = EFEAA5A628929D96005D91DD /* MainScreenView.swift */; };
/* End PBXBuildFile section */

/* Begin PBXFileReference section */
		261C71D8395737F27FB5C95E /* Pods_WeatherApp.framework */ = {isa = PBXFileReference; explicitFileType = wrapper.framework; includeInIndex = 0; path = Pods_WeatherApp.framework; sourceTree = BUILT_PRODUCTS_DIR; };
		72E18FC708D3936D894B368B /* Pods-WeatherApp.release.xcconfig */ = {isa = PBXFileReference; includeInIndex = 1; lastKnownFileType = text.xcconfig; name = "Pods-WeatherApp.release.xcconfig"; path = "Target Support Files/Pods-WeatherApp/Pods-WeatherApp.release.xcconfig"; sourceTree = "<group>"; };
		EF71542828966CE1000CAC3E /* MainScreenHeaderView.swift */ = {isa = PBXFileReference; lastKnownFileType = sourcecode.swift; path = MainScreenHeaderView.swift; sourceTree = "<group>"; };
		EF71542A28966D03000CAC3E /* WeatherHorizontalCell.swift */ = {isa = PBXFileReference; lastKnownFileType = sourcecode.swift; path = WeatherHorizontalCell.swift; sourceTree = "<group>"; };
		EF71542C28966D2C000CAC3E /* WeatherVerticalCell.swift */ = {isa = PBXFileReference; lastKnownFileType = sourcecode.swift; path = WeatherVerticalCell.swift; sourceTree = "<group>"; };
		EF71542E28969C86000CAC3E /* WeatherTableHeader.swift */ = {isa = PBXFileReference; lastKnownFileType = sourcecode.swift; path = WeatherTableHeader.swift; sourceTree = "<group>"; };
		EFEAA57728919D6A005D91DD /* WeatherApp.app */ = {isa = PBXFileReference; explicitFileType = wrapper.application; includeInIndex = 0; path = WeatherApp.app; sourceTree = BUILT_PRODUCTS_DIR; };
		EFEAA57A28919D6A005D91DD /* AppDelegate.swift */ = {isa = PBXFileReference; lastKnownFileType = sourcecode.swift; path = AppDelegate.swift; sourceTree = "<group>"; };
		EFEAA57C28919D6A005D91DD /* SceneDelegate.swift */ = {isa = PBXFileReference; lastKnownFileType = sourcecode.swift; path = SceneDelegate.swift; sourceTree = "<group>"; };
		EFEAA57E28919D6A005D91DD /* ViewController.swift */ = {isa = PBXFileReference; lastKnownFileType = sourcecode.swift; path = ViewController.swift; sourceTree = "<group>"; };
		EFEAA58328919D6C005D91DD /* Assets.xcassets */ = {isa = PBXFileReference; lastKnownFileType = folder.assetcatalog; path = Assets.xcassets; sourceTree = "<group>"; };
		EFEAA58628919D6C005D91DD /* Base */ = {isa = PBXFileReference; lastKnownFileType = file.storyboard; name = Base; path = Base.lproj/LaunchScreen.storyboard; sourceTree = "<group>"; };
		EFEAA58828919D6C005D91DD /* Info.plist */ = {isa = PBXFileReference; lastKnownFileType = text.plist.xml; path = Info.plist; sourceTree = "<group>"; };
		EFEAA5942891A04F005D91DD /* OnboardingView.swift */ = {isa = PBXFileReference; lastKnownFileType = sourcecode.swift; path = OnboardingView.swift; sourceTree = "<group>"; };
		EFEAA5962891A090005D91DD /* Autolayout.swift */ = {isa = PBXFileReference; lastKnownFileType = sourcecode.swift; path = Autolayout.swift; sourceTree = "<group>"; };
		EFEAA5982891A17F005D91DD /* CustomColors.swift */ = {isa = PBXFileReference; lastKnownFileType = sourcecode.swift; path = CustomColors.swift; sourceTree = "<group>"; };
		EFEAA59A2891A769005D91DD /* CustomLabel.swift */ = {isa = PBXFileReference; lastKnownFileType = sourcecode.swift; path = CustomLabel.swift; sourceTree = "<group>"; };
		EFEAA59C2891A866005D91DD /* OnboardingText.swift */ = {isa = PBXFileReference; lastKnownFileType = sourcecode.swift; path = OnboardingText.swift; sourceTree = "<group>"; };
		EFEAA59E2891AA0F005D91DD /* CustomButton.swift */ = {isa = PBXFileReference; lastKnownFileType = sourcecode.swift; path = CustomButton.swift; sourceTree = "<group>"; };
		EFEAA5A02891B15A005D91DD /* SettingsView.swift */ = {isa = PBXFileReference; lastKnownFileType = sourcecode.swift; path = SettingsView.swift; sourceTree = "<group>"; };
		EFEAA5A22891B2B6005D91DD /* CustomSegmentedLabel.swift */ = {isa = PBXFileReference; lastKnownFileType = sourcecode.swift; path = CustomSegmentedLabel.swift; sourceTree = "<group>"; };
		EFEAA5A42891B321005D91DD /* CustomSegmented.swift */ = {isa = PBXFileReference; lastKnownFileType = sourcecode.swift; path = CustomSegmented.swift; sourceTree = "<group>"; };
		EFEAA5A628929D96005D91DD /* MainScreenView.swift */ = {isa = PBXFileReference; lastKnownFileType = sourcecode.swift; path = MainScreenView.swift; sourceTree = "<group>"; };
		F881EBB1A5B3A711DAC95186 /* Pods-WeatherApp.debug.xcconfig */ = {isa = PBXFileReference; includeInIndex = 1; lastKnownFileType = text.xcconfig; name = "Pods-WeatherApp.debug.xcconfig"; path = "Target Support Files/Pods-WeatherApp/Pods-WeatherApp.debug.xcconfig"; sourceTree = "<group>"; };
/* End PBXFileReference section */

/* Begin PBXFrameworksBuildPhase section */
		EFEAA57428919D6A005D91DD /* Frameworks */ = {
			isa = PBXFrameworksBuildPhase;
			buildActionMask = 2147483647;
			files = (
				0FC8BD5D220BAD7BC528DDE2 /* Pods_WeatherApp.framework in Frameworks */,
			);
			runOnlyForDeploymentPostprocessing = 0;
		};
/* End PBXFrameworksBuildPhase section */

/* Begin PBXGroup section */
		242D92CEEA72A406CCE47D64 /* Frameworks */ = {
			isa = PBXGroup;
			children = (
				261C71D8395737F27FB5C95E /* Pods_WeatherApp.framework */,
			);
			name = Frameworks;
			sourceTree = "<group>";
		};
		C1F078857210EE44E4D5A29A /* Pods */ = {
			isa = PBXGroup;
			children = (
				F881EBB1A5B3A711DAC95186 /* Pods-WeatherApp.debug.xcconfig */,
				72E18FC708D3936D894B368B /* Pods-WeatherApp.release.xcconfig */,
			);
			path = Pods;
			sourceTree = "<group>";
		};
		EF71542728966CB0000CAC3E /* Views */ = {
			isa = PBXGroup;
			children = (
				EF71542828966CE1000CAC3E /* MainScreenHeaderView.swift */,
				EF71542A28966D03000CAC3E /* WeatherHorizontalCell.swift */,
				EF71542C28966D2C000CAC3E /* WeatherVerticalCell.swift */,
				EF71542E28969C86000CAC3E /* WeatherTableHeader.swift */,
			);
			path = Views;
			sourceTree = "<group>";
		};
		EFEAA56E28919D6A005D91DD = {
			isa = PBXGroup;
			children = (
				EFEAA57928919D6A005D91DD /* WeatherApp */,
				EFEAA57828919D6A005D91DD /* Products */,
				C1F078857210EE44E4D5A29A /* Pods */,
				242D92CEEA72A406CCE47D64 /* Frameworks */,
			);
			sourceTree = "<group>";
		};
		EFEAA57828919D6A005D91DD /* Products */ = {
			isa = PBXGroup;
			children = (
				EFEAA57728919D6A005D91DD /* WeatherApp.app */,
			);
			name = Products;
			sourceTree = "<group>";
		};
		EFEAA57928919D6A005D91DD /* WeatherApp */ = {
			isa = PBXGroup;
			children = (
				EFEAA59328919FFD005D91DD /* MainScreen */,
				EFEAA59228919FF4005D91DD /* Settings */,
				EFEAA59128919FD9005D91DD /* Onboarding */,
				EFEAA59028919F22005D91DD /* Enums */,
				EFEAA58F28919F19005D91DD /* Extensions */,
				EFEAA58E28919F05005D91DD /* CustomViews */,
				EFEAA57A28919D6A005D91DD /* AppDelegate.swift */,
				EFEAA57C28919D6A005D91DD /* SceneDelegate.swift */,
				EFEAA57E28919D6A005D91DD /* ViewController.swift */,
				EFEAA58328919D6C005D91DD /* Assets.xcassets */,
				EFEAA58528919D6C005D91DD /* LaunchScreen.storyboard */,
				EFEAA58828919D6C005D91DD /* Info.plist */,
			);
			path = WeatherApp;
			sourceTree = "<group>";
		};
		EFEAA58E28919F05005D91DD /* CustomViews */ = {
			isa = PBXGroup;
			children = (
				EFEAA59A2891A769005D91DD /* CustomLabel.swift */,
				EFEAA59E2891AA0F005D91DD /* CustomButton.swift */,
				EFEAA5A22891B2B6005D91DD /* CustomSegmentedLabel.swift */,
				EFEAA5A42891B321005D91DD /* CustomSegmented.swift */,
			);
			path = CustomViews;
			sourceTree = "<group>";
		};
		EFEAA58F28919F19005D91DD /* Extensions */ = {
			isa = PBXGroup;
			children = (
				EFEAA5962891A090005D91DD /* Autolayout.swift */,
			);
			path = Extensions;
			sourceTree = "<group>";
		};
		EFEAA59028919F22005D91DD /* Enums */ = {
			isa = PBXGroup;
			children = (
				EFEAA5982891A17F005D91DD /* CustomColors.swift */,
				EFEAA59C2891A866005D91DD /* OnboardingText.swift */,
			);
			path = Enums;
			sourceTree = "<group>";
		};
		EFEAA59128919FD9005D91DD /* Onboarding */ = {
			isa = PBXGroup;
			children = (
				EFEAA5942891A04F005D91DD /* OnboardingView.swift */,
			);
			path = Onboarding;
			sourceTree = "<group>";
		};
		EFEAA59228919FF4005D91DD /* Settings */ = {
			isa = PBXGroup;
			children = (
				EFEAA5A02891B15A005D91DD /* SettingsView.swift */,
			);
			path = Settings;
			sourceTree = "<group>";
		};
		EFEAA59328919FFD005D91DD /* MainScreen */ = {
			isa = PBXGroup;
			children = (
				EF71542728966CB0000CAC3E /* Views */,
				EFEAA5A628929D96005D91DD /* MainScreenView.swift */,
			);
			path = MainScreen;
			sourceTree = "<group>";
		};
/* End PBXGroup section */

/* Begin PBXNativeTarget section */
		EFEAA57628919D6A005D91DD /* WeatherApp */ = {
			isa = PBXNativeTarget;
			buildConfigurationList = EFEAA58B28919D6C005D91DD /* Build configuration list for PBXNativeTarget "WeatherApp" */;
			buildPhases = (
				9380B42E250EF42A6B48C96B /* [CP] Check Pods Manifest.lock */,
				EFEAA57328919D6A005D91DD /* Sources */,
				EFEAA57428919D6A005D91DD /* Frameworks */,
				EFEAA57528919D6A005D91DD /* Resources */,
				734CEA5FB652EC466071F45C /* [CP] Embed Pods Frameworks */,
			);
			buildRules = (
			);
			dependencies = (
			);
			name = WeatherApp;
			productName = WeatherApp;
			productReference = EFEAA57728919D6A005D91DD /* WeatherApp.app */;
			productType = "com.apple.product-type.application";
		};
/* End PBXNativeTarget section */

/* Begin PBXProject section */
		EFEAA56F28919D6A005D91DD /* Project object */ = {
			isa = PBXProject;
			attributes = {
				BuildIndependentTargetsInParallel = 1;
				LastSwiftUpdateCheck = 1340;
				LastUpgradeCheck = 1340;
				TargetAttributes = {
					EFEAA57628919D6A005D91DD = {
						CreatedOnToolsVersion = 13.4.1;
					};
				};
			};
			buildConfigurationList = EFEAA57228919D6A005D91DD /* Build configuration list for PBXProject "WeatherApp" */;
			compatibilityVersion = "Xcode 13.0";
			developmentRegion = en;
			hasScannedForEncodings = 0;
			knownRegions = (
				en,
				Base,
			);
			mainGroup = EFEAA56E28919D6A005D91DD;
			productRefGroup = EFEAA57828919D6A005D91DD /* Products */;
			projectDirPath = "";
			projectRoot = "";
			targets = (
				EFEAA57628919D6A005D91DD /* WeatherApp */,
			);
		};
/* End PBXProject section */

/* Begin PBXResourcesBuildPhase section */
		EFEAA57528919D6A005D91DD /* Resources */ = {
			isa = PBXResourcesBuildPhase;
			buildActionMask = 2147483647;
			files = (
				EFEAA58728919D6C005D91DD /* LaunchScreen.storyboard in Resources */,
				EFEAA58428919D6C005D91DD /* Assets.xcassets in Resources */,
			);
			runOnlyForDeploymentPostprocessing = 0;
		};
/* End PBXResourcesBuildPhase section */

/* Begin PBXShellScriptBuildPhase section */
		734CEA5FB652EC466071F45C /* [CP] Embed Pods Frameworks */ = {
			isa = PBXShellScriptBuildPhase;
			buildActionMask = 2147483647;
			files = (
			);
			inputFileListPaths = (
				"${PODS_ROOT}/Target Support Files/Pods-WeatherApp/Pods-WeatherApp-frameworks-${CONFIGURATION}-input-files.xcfilelist",
			);
			name = "[CP] Embed Pods Frameworks";
			outputFileListPaths = (
				"${PODS_ROOT}/Target Support Files/Pods-WeatherApp/Pods-WeatherApp-frameworks-${CONFIGURATION}-output-files.xcfilelist",
			);
			runOnlyForDeploymentPostprocessing = 0;
			shellPath = /bin/sh;
			shellScript = "\"${PODS_ROOT}/Target Support Files/Pods-WeatherApp/Pods-WeatherApp-frameworks.sh\"\n";
			showEnvVarsInLog = 0;
		};
		9380B42E250EF42A6B48C96B /* [CP] Check Pods Manifest.lock */ = {
			isa = PBXShellScriptBuildPhase;
			buildActionMask = 2147483647;
			files = (
			);
			inputFileListPaths = (
			);
			inputPaths = (
				"${PODS_PODFILE_DIR_PATH}/Podfile.lock",
				"${PODS_ROOT}/Manifest.lock",
			);
			name = "[CP] Check Pods Manifest.lock";
			outputFileListPaths = (
			);
			outputPaths = (
				"$(DERIVED_FILE_DIR)/Pods-WeatherApp-checkManifestLockResult.txt",
			);
			runOnlyForDeploymentPostprocessing = 0;
			shellPath = /bin/sh;
			shellScript = "diff \"${PODS_PODFILE_DIR_PATH}/Podfile.lock\" \"${PODS_ROOT}/Manifest.lock\" > /dev/null\nif [ $? != 0 ] ; then\n    # print error to STDERR\n    echo \"error: The sandbox is not in sync with the Podfile.lock. Run 'pod install' or update your CocoaPods installation.\" >&2\n    exit 1\nfi\n# This output is used by Xcode 'outputs' to avoid re-running this script phase.\necho \"SUCCESS\" > \"${SCRIPT_OUTPUT_FILE_0}\"\n";
			showEnvVarsInLog = 0;
		};
/* End PBXShellScriptBuildPhase section */

/* Begin PBXSourcesBuildPhase section */
		EFEAA57328919D6A005D91DD /* Sources */ = {
			isa = PBXSourcesBuildPhase;
			buildActionMask = 2147483647;
			files = (
				EF71542B28966D03000CAC3E /* WeatherHorizontalCell.swift in Sources */,
				EFEAA57F28919D6A005D91DD /* ViewController.swift in Sources */,
				EFEAA5992891A17F005D91DD /* CustomColors.swift in Sources */,
				EFEAA59F2891AA0F005D91DD /* CustomButton.swift in Sources */,
				EFEAA5972891A090005D91DD /* Autolayout.swift in Sources */,
				EFEAA59B2891A769005D91DD /* CustomLabel.swift in Sources */,
				EFEAA5A12891B15A005D91DD /* SettingsView.swift in Sources */,
				EFEAA5952891A04F005D91DD /* OnboardingView.swift in Sources */,
				EFEAA5A52891B321005D91DD /* CustomSegmented.swift in Sources */,
				EFEAA57B28919D6A005D91DD /* AppDelegate.swift in Sources */,
				EFEAA57D28919D6A005D91DD /* SceneDelegate.swift in Sources */,
				EF71542F28969C86000CAC3E /* WeatherTableHeader.swift in Sources */,
				EFEAA59D2891A866005D91DD /* OnboardingText.swift in Sources */,
				EFEAA5A32891B2B6005D91DD /* CustomSegmentedLabel.swift in Sources */,
				EF71542928966CE1000CAC3E /* MainScreenHeaderView.swift in Sources */,
				EF71542D28966D2C000CAC3E /* WeatherVerticalCell.swift in Sources */,
				EFEAA5A728929D97005D91DD /* MainScreenView.swift in Sources */,
			);
			runOnlyForDeploymentPostprocessing = 0;
		};
/* End PBXSourcesBuildPhase section */

/* Begin PBXVariantGroup section */
		EFEAA58528919D6C005D91DD /* LaunchScreen.storyboard */ = {
			isa = PBXVariantGroup;
			children = (
				EFEAA58628919D6C005D91DD /* Base */,
			);
			name = LaunchScreen.storyboard;
			sourceTree = "<group>";
		};
/* End PBXVariantGroup section */

/* Begin XCBuildConfiguration section */
		EFEAA58928919D6C005D91DD /* Debug */ = {
			isa = XCBuildConfiguration;
			buildSettings = {
				ALWAYS_SEARCH_USER_PATHS = NO;
				CLANG_ANALYZER_NONNULL = YES;
				CLANG_ANALYZER_NUMBER_OBJECT_CONVERSION = YES_AGGRESSIVE;
				CLANG_CXX_LANGUAGE_STANDARD = "gnu++17";
				CLANG_ENABLE_MODULES = YES;
				CLANG_ENABLE_OBJC_ARC = YES;
				CLANG_ENABLE_OBJC_WEAK = YES;
				CLANG_WARN_BLOCK_CAPTURE_AUTORELEASING = YES;
				CLANG_WARN_BOOL_CONVERSION = YES;
				CLANG_WARN_COMMA = YES;
				CLANG_WARN_CONSTANT_CONVERSION = YES;
				CLANG_WARN_DEPRECATED_OBJC_IMPLEMENTATIONS = YES;
				CLANG_WARN_DIRECT_OBJC_ISA_USAGE = YES_ERROR;
				CLANG_WARN_DOCUMENTATION_COMMENTS = YES;
				CLANG_WARN_EMPTY_BODY = YES;
				CLANG_WARN_ENUM_CONVERSION = YES;
				CLANG_WARN_INFINITE_RECURSION = YES;
				CLANG_WARN_INT_CONVERSION = YES;
				CLANG_WARN_NON_LITERAL_NULL_CONVERSION = YES;
				CLANG_WARN_OBJC_IMPLICIT_RETAIN_SELF = YES;
				CLANG_WARN_OBJC_LITERAL_CONVERSION = YES;
				CLANG_WARN_OBJC_ROOT_CLASS = YES_ERROR;
				CLANG_WARN_QUOTED_INCLUDE_IN_FRAMEWORK_HEADER = YES;
				CLANG_WARN_RANGE_LOOP_ANALYSIS = YES;
				CLANG_WARN_STRICT_PROTOTYPES = YES;
				CLANG_WARN_SUSPICIOUS_MOVE = YES;
				CLANG_WARN_UNGUARDED_AVAILABILITY = YES_AGGRESSIVE;
				CLANG_WARN_UNREACHABLE_CODE = YES;
				CLANG_WARN__DUPLICATE_METHOD_MATCH = YES;
				COPY_PHASE_STRIP = NO;
				DEBUG_INFORMATION_FORMAT = dwarf;
				ENABLE_STRICT_OBJC_MSGSEND = YES;
				ENABLE_TESTABILITY = YES;
				GCC_C_LANGUAGE_STANDARD = gnu11;
				GCC_DYNAMIC_NO_PIC = NO;
				GCC_NO_COMMON_BLOCKS = YES;
				GCC_OPTIMIZATION_LEVEL = 0;
				GCC_PREPROCESSOR_DEFINITIONS = (
					"DEBUG=1",
					"$(inherited)",
				);
				GCC_WARN_64_TO_32_BIT_CONVERSION = YES;
				GCC_WARN_ABOUT_RETURN_TYPE = YES_ERROR;
				GCC_WARN_UNDECLARED_SELECTOR = YES;
				GCC_WARN_UNINITIALIZED_AUTOS = YES_AGGRESSIVE;
				GCC_WARN_UNUSED_FUNCTION = YES;
				GCC_WARN_UNUSED_VARIABLE = YES;
				IPHONEOS_DEPLOYMENT_TARGET = 15.5;
				MTL_ENABLE_DEBUG_INFO = INCLUDE_SOURCE;
				MTL_FAST_MATH = YES;
				ONLY_ACTIVE_ARCH = YES;
				SDKROOT = iphoneos;
				SWIFT_ACTIVE_COMPILATION_CONDITIONS = DEBUG;
				SWIFT_OPTIMIZATION_LEVEL = "-Onone";
			};
			name = Debug;
		};
		EFEAA58A28919D6C005D91DD /* Release */ = {
			isa = XCBuildConfiguration;
			buildSettings = {
				ALWAYS_SEARCH_USER_PATHS = NO;
				CLANG_ANALYZER_NONNULL = YES;
				CLANG_ANALYZER_NUMBER_OBJECT_CONVERSION = YES_AGGRESSIVE;
				CLANG_CXX_LANGUAGE_STANDARD = "gnu++17";
				CLANG_ENABLE_MODULES = YES;
				CLANG_ENABLE_OBJC_ARC = YES;
				CLANG_ENABLE_OBJC_WEAK = YES;
				CLANG_WARN_BLOCK_CAPTURE_AUTORELEASING = YES;
				CLANG_WARN_BOOL_CONVERSION = YES;
				CLANG_WARN_COMMA = YES;
				CLANG_WARN_CONSTANT_CONVERSION = YES;
				CLANG_WARN_DEPRECATED_OBJC_IMPLEMENTATIONS = YES;
				CLANG_WARN_DIRECT_OBJC_ISA_USAGE = YES_ERROR;
				CLANG_WARN_DOCUMENTATION_COMMENTS = YES;
				CLANG_WARN_EMPTY_BODY = YES;
				CLANG_WARN_ENUM_CONVERSION = YES;
				CLANG_WARN_INFINITE_RECURSION = YES;
				CLANG_WARN_INT_CONVERSION = YES;
				CLANG_WARN_NON_LITERAL_NULL_CONVERSION = YES;
				CLANG_WARN_OBJC_IMPLICIT_RETAIN_SELF = YES;
				CLANG_WARN_OBJC_LITERAL_CONVERSION = YES;
				CLANG_WARN_OBJC_ROOT_CLASS = YES_ERROR;
				CLANG_WARN_QUOTED_INCLUDE_IN_FRAMEWORK_HEADER = YES;
				CLANG_WARN_RANGE_LOOP_ANALYSIS = YES;
				CLANG_WARN_STRICT_PROTOTYPES = YES;
				CLANG_WARN_SUSPICIOUS_MOVE = YES;
				CLANG_WARN_UNGUARDED_AVAILABILITY = YES_AGGRESSIVE;
				CLANG_WARN_UNREACHABLE_CODE = YES;
				CLANG_WARN__DUPLICATE_METHOD_MATCH = YES;
				COPY_PHASE_STRIP = NO;
				DEBUG_INFORMATION_FORMAT = "dwarf-with-dsym";
				ENABLE_NS_ASSERTIONS = NO;
				ENABLE_STRICT_OBJC_MSGSEND = YES;
				GCC_C_LANGUAGE_STANDARD = gnu11;
				GCC_NO_COMMON_BLOCKS = YES;
				GCC_WARN_64_TO_32_BIT_CONVERSION = YES;
				GCC_WARN_ABOUT_RETURN_TYPE = YES_ERROR;
				GCC_WARN_UNDECLARED_SELECTOR = YES;
				GCC_WARN_UNINITIALIZED_AUTOS = YES_AGGRESSIVE;
				GCC_WARN_UNUSED_FUNCTION = YES;
				GCC_WARN_UNUSED_VARIABLE = YES;
				IPHONEOS_DEPLOYMENT_TARGET = 15.5;
				MTL_ENABLE_DEBUG_INFO = NO;
				MTL_FAST_MATH = YES;
				SDKROOT = iphoneos;
				SWIFT_COMPILATION_MODE = wholemodule;
				SWIFT_OPTIMIZATION_LEVEL = "-O";
				VALIDATE_PRODUCT = YES;
			};
			name = Release;
		};
		EFEAA58C28919D6C005D91DD /* Debug */ = {
			isa = XCBuildConfiguration;
			baseConfigurationReference = F881EBB1A5B3A711DAC95186 /* Pods-WeatherApp.debug.xcconfig */;
			buildSettings = {
				ASSETCATALOG_COMPILER_APPICON_NAME = AppIcon;
				ASSETCATALOG_COMPILER_GLOBAL_ACCENT_COLOR_NAME = AccentColor;
				CODE_SIGN_STYLE = Automatic;
				CURRENT_PROJECT_VERSION = 1;
				DEVELOPMENT_TEAM = A38548G3Y3;
				GENERATE_INFOPLIST_FILE = YES;
				INFOPLIST_FILE = WeatherApp/Info.plist;
				INFOPLIST_KEY_UIApplicationSupportsIndirectInputEvents = YES;
				INFOPLIST_KEY_UILaunchStoryboardName = LaunchScreen;
				INFOPLIST_KEY_UISupportedInterfaceOrientations_iPad = "UIInterfaceOrientationPortrait UIInterfaceOrientationPortraitUpsideDown UIInterfaceOrientationLandscapeLeft UIInterfaceOrientationLandscapeRight";
				INFOPLIST_KEY_UISupportedInterfaceOrientations_iPhone = "UIInterfaceOrientationPortrait UIInterfaceOrientationLandscapeLeft UIInterfaceOrientationLandscapeRight";
				LD_RUNPATH_SEARCH_PATHS = (
					"$(inherited)",
					"@executable_path/Frameworks",
				);
				MARKETING_VERSION = 1.0;
				PRODUCT_BUNDLE_IDENTIFIER = com.idontknowwhatimdoing.WeatherApp;
				PRODUCT_NAME = "$(TARGET_NAME)";
				SWIFT_EMIT_LOC_STRINGS = YES;
				SWIFT_VERSION = 5.0;
				TARGETED_DEVICE_FAMILY = "1,2";
			};
			name = Debug;
		};
		EFEAA58D28919D6C005D91DD /* Release */ = {
			isa = XCBuildConfiguration;
			baseConfigurationReference = 72E18FC708D3936D894B368B /* Pods-WeatherApp.release.xcconfig */;
			buildSettings = {
				ASSETCATALOG_COMPILER_APPICON_NAME = AppIcon;
				ASSETCATALOG_COMPILER_GLOBAL_ACCENT_COLOR_NAME = AccentColor;
				CODE_SIGN_STYLE = Automatic;
				CURRENT_PROJECT_VERSION = 1;
				DEVELOPMENT_TEAM = A38548G3Y3;
				GENERATE_INFOPLIST_FILE = YES;
				INFOPLIST_FILE = WeatherApp/Info.plist;
				INFOPLIST_KEY_UIApplicationSupportsIndirectInputEvents = YES;
				INFOPLIST_KEY_UILaunchStoryboardName = LaunchScreen;
				INFOPLIST_KEY_UISupportedInterfaceOrientations_iPad = "UIInterfaceOrientationPortrait UIInterfaceOrientationPortraitUpsideDown UIInterfaceOrientationLandscapeLeft UIInterfaceOrientationLandscapeRight";
				INFOPLIST_KEY_UISupportedInterfaceOrientations_iPhone = "UIInterfaceOrientationPortrait UIInterfaceOrientationLandscapeLeft UIInterfaceOrientationLandscapeRight";
				LD_RUNPATH_SEARCH_PATHS = (
					"$(inherited)",
					"@executable_path/Frameworks",
				);
				MARKETING_VERSION = 1.0;
				PRODUCT_BUNDLE_IDENTIFIER = com.idontknowwhatimdoing.WeatherApp;
				PRODUCT_NAME = "$(TARGET_NAME)";
				SWIFT_EMIT_LOC_STRINGS = YES;
				SWIFT_VERSION = 5.0;
				TARGETED_DEVICE_FAMILY = "1,2";
			};
			name = Release;
		};
/* End XCBuildConfiguration section */

/* Begin XCConfigurationList section */
		EFEAA57228919D6A005D91DD /* Build configuration list for PBXProject "WeatherApp" */ = {
			isa = XCConfigurationList;
			buildConfigurations = (
				EFEAA58928919D6C005D91DD /* Debug */,
				EFEAA58A28919D6C005D91DD /* Release */,
			);
			defaultConfigurationIsVisible = 0;
			defaultConfigurationName = Release;
		};
		EFEAA58B28919D6C005D91DD /* Build configuration list for PBXNativeTarget "WeatherApp" */ = {
			isa = XCConfigurationList;
			buildConfigurations = (
				EFEAA58C28919D6C005D91DD /* Debug */,
				EFEAA58D28919D6C005D91DD /* Release */,
			);
			defaultConfigurationIsVisible = 0;
			defaultConfigurationName = Release;
		};
/* End XCConfigurationList section */
	};
	rootObject = EFEAA56F28919D6A005D91DD /* Project object */;
}
